github.com/zo-ll/mdterm v0.0.0-20260616105848-3b74f2f0c593 h1:0fQFJxSR9kCt/zJGiIgbzpzyf4Dsww2tOWUf8Q1K03Y=
github.com/zo-ll/mdterm v0.0.0-20260616105848-3b74f2f0c593/go.mod h1:Hrj9Ji5udQsWKTgn8OOv2e+JqWhbOExPoWwiPdtESxQ=
github.com/zo-ll/mdterm v0.0.0-20260616120942-a173de121b87 h1:VoFE/EhCeQt0UPnMK1dMSdH6VyHLXWM4X/WgmBH+zqU=
github.com/zo-ll/mdterm v0.0.0-20260616120942-a173de121b87/go.mod h1:Hrj9Ji5udQsWKTgn8OOv2e+JqWhbOExPoWwiPdtESxQ=
github.com/zo-ll/mdterm v0.0.0-20260616121133-d9cbfdc321df h1:e/wE36TO4bdb8ojC44HPLuIAHUSJ92CBMI7rhn6AiNY=
github.com/zo-ll/mdterm v0.0.0-20260616121133-d9cbfdc321df/go.mod h1:Hrj9Ji5udQsWKTgn8OOv2e+JqWhbOExPoWwiPdtESxQ=
github.com/zo-ll/mdterm v0.0.0-20260616121427-b16ed5b1ff7f h1:5he40CnBCid/JoPpHAwX5KLlL+ig6Xe+RRLwFpJuJQE=
github.com/zo-ll/mdterm v0.0.0-20260616121427-b16ed5b1ff7f/go.mod h1:Hrj9Ji5udQsWKTgn8OOv2e+JqWhbOExPoWwiPdtESxQ=
github.com/zo-ll/mdterm v0.0.0-20260616124409-a18de36f5ceb h1:8kNcJ8x1usb30UAVxwZw4qgx4MBsHQ8hmFHEd4o6uiY=
github.com/zo-ll/mdterm v0.0.0-20260616124409-a18de36f5ceb/go.mod h1:Hrj9Ji5udQsWKTgn8OOv2e+JqWhbOExPoWwiPdtESxQ=
github.com/zo-ll/mdterm v0.0.0-20260616124537-e03bb62269a4 h1:RCd163veRxGTN65wwzQTiWLK2fCgYuRJNRDBgOx4rv8=
github.com/zo-ll/mdterm v0.0.0-20260616124537-e03bb62269a4/go.mod h1:Hrj9Ji5udQsWKTgn8OOv2e+JqWhbOExPoWwiPdtESxQ=
github.com/zo-ll/mdterm v0.0.0-20260616125824-8e62af62f9c0 h1:bCy2KLxAlqQ4yoY0JDGpXlqc8B9iPvKZh13B8r9rD+c=
github.com/zo-ll/mdterm v0.0.0-20260616125824-8e62af62f9c0/go.mod h1:Hrj9Ji5udQsWKTgn8OOv2e+JqWhbOExPoWwiPdtESxQ=
github.com/zo-ll/mdterm v0.0.0-20260616133211-a53527950f90 h1:hclORA8958ROub1faW+RT+tua460p4/SHSH7QQkDGF8=
github.com/zo-ll/mdterm v0.0.0-20260616133211-a53527950f90/go.mod h1:Hrj9Ji5udQsWKTgn8OOv2e+JqWhbOExPoWwiPdtESxQ=
